
Microsoft Visual Studio Solution File, Format Version 10.00
# Visual C++ Express 2008
Project("{8BC9CEB8-8B4A-11D0-8D11-00A0C91BC942}") = "libfwps", "libfwps\libfwps.vcproj", "{9A647829-3C01-4D7B-8B89-353A41863CCB}"
	ProjectSection(ProjectDependencies) = postProject
		{4DEC7AE3-42D9-471D-AB12-2C436E1E4267} = {4DEC7AE3-42D9-471D-AB12-2C436E1E4267}
		{9175DCA6-61D0-47CF-B53F-53256B24FF27} = {9175DCA6-61D0-47CF-B53F-53256B24FF27}
		{BAB02C1F-E68A-4883-80A4-741669D078FD} = {BAB02C1F-E68A-4883-80A4-741669D078FD}
		{6A345260-CF99-41D6-9000-2E6D8B2E9BCC} = {6A345260-CF99-41D6-9000-2E6D8B2E9BCC}
		{11E0B381-CB1D-478A-BABA-053BEA29DED0} = {11E0B381-CB1D-478A-BABA-053BEA29DED0}
		{0B5C4E51-8B50-4E31-9896-F6106C7A1F44} = {0B5C4E51-8B50-4E31-9896-F6106C7A1F44}
		{C7F81A8D-16EE-48A1-8435-5E77399C6125} = {C7F81A8D-16EE-48A1-8435-5E77399C6125}
		{698BB4BA-A8CD-4D9C-BAEE-F9C3ABBB5CBB} = {698BB4BA-A8CD-4D9C-BAEE-F9C3ABBB5CBB}
		{4E1F1CB7-96E9-416F-8DBD-3CC53F275A31} = {4E1F1CB7-96E9-416F-8DBD-3CC53F275A31}
	EndProjectSection
EndProject
Project("{8BC9CEB8-8B4A-11D0-8D11-00A0C91BC942}") = "libfole", "libfole\libfole.vcproj", "{4E1F1CB7-96E9-416F-8DBD-3CC53F275A31}"
	ProjectSection(ProjectDependencies) = postProject
		{4DEC7AE3-42D9-471D-AB12-2C436E1E4267} = {4DEC7AE3-42D9-471D-AB12-2C436E1E4267}
		{9175DCA6-61D0-47CF-B53F-53256B24FF27} = {9175DCA6-61D0-47CF-B53F-53256B24FF27}
	EndProjectSection
EndProject
Project("{8BC9CEB8-8B4A-11D0-8D11-00A0C91BC942}") = "libfguid", "libfguid\libfguid.vcproj", "{698BB4BA-A8CD-4D9C-BAEE-F9C3ABBB5CBB}"
	ProjectSection(ProjectDependencies) = postProject
		{4DEC7AE3-42D9-471D-AB12-2C436E1E4267} = {4DEC7AE3-42D9-471D-AB12-2C436E1E4267}
		{9175DCA6-61D0-47CF-B53F-53256B24FF27} = {9175DCA6-61D0-47CF-B53F-53256B24FF27}
	EndProjectSection
EndProject
Project("{8BC9CEB8-8B4A-11D0-8D11-00A0C91BC942}") = "fwps_test_error", "fwps_test_error\fwps_test_error.vcproj", "{F75F34F0-AB1C-4227-A08F-093B456E1490}"
	ProjectSection(ProjectDependencies) = postProject
		{9A647829-3C01-4D7B-8B89-353A41863CCB} = {9A647829-3C01-4D7B-8B89-353A41863CCB}
		{4DEC7AE3-42D9-471D-AB12-2C436E1E4267} = {4DEC7AE3-42D9-471D-AB12-2C436E1E4267}
	EndProjectSection
EndProject
Project("{8BC9CEB8-8B4A-11D0-8D11-00A0C91BC942}") = "fwps_test_get_version", "fwps_test_get_version\fwps_test_get_version.vcproj", "{12D5615B-6AC9-4056-9162-35C84D07A672}"
	ProjectSection(ProjectDependencies) = postProject
		{9A647829-3C01-4D7B-8B89-353A41863CCB} = {9A647829-3C01-4D7B-8B89-353A41863CCB}
		{4DEC7AE3-42D9-471D-AB12-2C436E1E4267} = {4DEC7AE3-42D9-471D-AB12-2C436E1E4267}
	EndProjectSection
EndProject
Project("{8BC9CEB8-8B4A-11D0-8D11-00A0C91BC942}") = "libclocale", "libclocale\libclocale.vcproj", "{34632EF9-283A-4A6B-9323-8FE4CAA65253}"
	ProjectSection(ProjectDependencies) = postProject
		{4DEC7AE3-42D9-471D-AB12-2C436E1E4267} = {4DEC7AE3-42D9-471D-AB12-2C436E1E4267}
		{9175DCA6-61D0-47CF-B53F-53256B24FF27} = {9175DCA6-61D0-47CF-B53F-53256B24FF27}
	EndProjectSection
EndProject
Project("{8BC9CEB8-8B4A-11D0-8D11-00A0C91BC942}") = "libfdatetime", "libfdatetime\libfdatetime.vcproj", "{C7F81A8D-16EE-48A1-8435-5E77399C6125}"
	ProjectSection(ProjectDependencies) = postProject
		{4DEC7AE3-42D9-471D-AB12-2C436E1E4267} = {4DEC7AE3-42D9-471D-AB12-2C436E1E4267}
		{9175DCA6-61D0-47CF-B53F-53256B24FF27} = {9175DCA6-61D0-47CF-B53F-53256B24FF27}
	EndProjectSection
EndProject
Project("{8BC9CEB8-8B4A-11D0-8D11-00A0C91BC942}") = "libcthreads", "libcthreads\libcthreads.vcproj", "{BAB02C1F-E68A-4883-80A4-741669D078FD}"
	ProjectSection(ProjectDependencies) = postProject
		{4DEC7AE3-42D9-471D-AB12-2C436E1E4267} = {4DEC7AE3-42D9-471D-AB12-2C436E1E4267}
		{9175DCA6-61D0-47CF-B53F-53256B24FF27} = {9175DCA6-61D0-47CF-B53F-53256B24FF27}
	EndProjectSection
EndProject
Project("{8BC9CEB8-8B4A-11D0-8D11-00A0C91BC942}") = "libcstring", "libcstring\libcstring.vcproj", "{4DEC7AE3-42D9-471D-AB12-2C436E1E4267}"
EndProject
Project("{8BC9CEB8-8B4A-11D0-8D11-00A0C91BC942}") = "libuna", "libuna\libuna.vcproj", "{0B5C4E51-8B50-4E31-9896-F6106C7A1F44}"
	ProjectSection(ProjectDependencies) = postProject
		{4DEC7AE3-42D9-471D-AB12-2C436E1E4267} = {4DEC7AE3-42D9-471D-AB12-2C436E1E4267}
		{9175DCA6-61D0-47CF-B53F-53256B24FF27} = {9175DCA6-61D0-47CF-B53F-53256B24FF27}
	EndProjectSection
EndProject
Project("{8BC9CEB8-8B4A-11D0-8D11-00A0C91BC942}") = "pyfwps", "pyfwps\pyfwps.vcproj", "{42CCAFC9-F499-4C93-9ACC-3279C55BB7D4}"
	ProjectSection(ProjectDependencies) = postProject
		{4DEC7AE3-42D9-471D-AB12-2C436E1E4267} = {4DEC7AE3-42D9-471D-AB12-2C436E1E4267}
		{9175DCA6-61D0-47CF-B53F-53256B24FF27} = {9175DCA6-61D0-47CF-B53F-53256B24FF27}
		{9A647829-3C01-4D7B-8B89-353A41863CCB} = {9A647829-3C01-4D7B-8B89-353A41863CCB}
		{6A345260-CF99-41D6-9000-2E6D8B2E9BCC} = {6A345260-CF99-41D6-9000-2E6D8B2E9BCC}
		{34632EF9-283A-4A6B-9323-8FE4CAA65253} = {34632EF9-283A-4A6B-9323-8FE4CAA65253}
		{0B5C4E51-8B50-4E31-9896-F6106C7A1F44} = {0B5C4E51-8B50-4E31-9896-F6106C7A1F44}
		{698BB4BA-A8CD-4D9C-BAEE-F9C3ABBB5CBB} = {698BB4BA-A8CD-4D9C-BAEE-F9C3ABBB5CBB}
	EndProjectSection
EndProject
Project("{8BC9CEB8-8B4A-11D0-8D11-00A0C91BC942}") = "libcerror", "libcerror\libcerror.vcproj", "{9175DCA6-61D0-47CF-B53F-53256B24FF27}"
	ProjectSection(ProjectDependencies) = postProject
		{4DEC7AE3-42D9-471D-AB12-2C436E1E4267} = {4DEC7AE3-42D9-471D-AB12-2C436E1E4267}
	EndProjectSection
EndProject
Project("{8BC9CEB8-8B4A-11D0-8D11-00A0C91BC942}") = "libcnotify", "libcnotify\libcnotify.vcproj", "{11E0B381-CB1D-478A-BABA-053BEA29DED0}"
	ProjectSection(ProjectDependencies) = postProject
		{4DEC7AE3-42D9-471D-AB12-2C436E1E4267} = {4DEC7AE3-42D9-471D-AB12-2C436E1E4267}
		{9175DCA6-61D0-47CF-B53F-53256B24FF27} = {9175DCA6-61D0-47CF-B53F-53256B24FF27}
	EndProjectSection
EndProject
Project("{8BC9CEB8-8B4A-11D0-8D11-00A0C91BC942}") = "libcdata", "libcdata\libcdata.vcproj", "{6A345260-CF99-41D6-9000-2E6D8B2E9BCC}"
	ProjectSection(ProjectDependencies) = postProject
		{4DEC7AE3-42D9-471D-AB12-2C436E1E4267} = {4DEC7AE3-42D9-471D-AB12-2C436E1E4267}
		{9175DCA6-61D0-47CF-B53F-53256B24FF27} = {9175DCA6-61D0-47CF-B53F-53256B24FF27}
		{BAB02C1F-E68A-4883-80A4-741669D078FD} = {BAB02C1F-E68A-4883-80A4-741669D078FD}
	EndProjectSection
EndProject
Global
	GlobalSection(SolutionConfigurationPlatforms) = preSolution
		Release|Win32 = Release|Win32
		VSDebug|Win32 = VSDebug|Win32
	EndGlobalSection
	GlobalSection(ProjectConfigurationPlatforms) = postSolution
		{9A647829-3C01-4D7B-8B89-353A41863CCB}.Release|Win32.ActiveCfg = Release|Win32
		{9A647829-3C01-4D7B-8B89-353A41863CCB}.Release|Win32.Build.0 = Release|Win32
		{9A647829-3C01-4D7B-8B89-353A41863CCB}.VSDebug|Win32.ActiveCfg = VSDebug|Win32
		{9A647829-3C01-4D7B-8B89-353A41863CCB}.VSDebug|Win32.Build.0 = VSDebug|Win32
		{4E1F1CB7-96E9-416F-8DBD-3CC53F275A31}.Release|Win32.ActiveCfg = Release|Win32
		{4E1F1CB7-96E9-416F-8DBD-3CC53F275A31}.Release|Win32.Build.0 = Release|Win32
		{4E1F1CB7-96E9-416F-8DBD-3CC53F275A31}.VSDebug|Win32.ActiveCfg = VSDebug|Win32
		{4E1F1CB7-96E9-416F-8DBD-3CC53F275A31}.VSDebug|Win32.Build.0 = VSDebug|Win32
		{698BB4BA-A8CD-4D9C-BAEE-F9C3ABBB5CBB}.Release|Win32.ActiveCfg = Release|Win32
		{698BB4BA-A8CD-4D9C-BAEE-F9C3ABBB5CBB}.Release|Win32.Build.0 = Release|Win32
		{698BB4BA-A8CD-4D9C-BAEE-F9C3ABBB5CBB}.VSDebug|Win32.ActiveCfg = VSDebug|Win32
		{698BB4BA-A8CD-4D9C-BAEE-F9C3ABBB5CBB}.VSDebug|Win32.Build.0 = VSDebug|Win32
		{F75F34F0-AB1C-4227-A08F-093B456E1490}.Release|Win32.ActiveCfg = Release|Win32
		{F75F34F0-AB1C-4227-A08F-093B456E1490}.Release|Win32.Build.0 = Release|Win32
		{F75F34F0-AB1C-4227-A08F-093B456E1490}.VSDebug|Win32.ActiveCfg = VSDebug|Win32
		{F75F34F0-AB1C-4227-A08F-093B456E1490}.VSDebug|Win32.Build.0 = VSDebug|Win32
		{12D5615B-6AC9-4056-9162-35C84D07A672}.Release|Win32.ActiveCfg = Release|Win32
		{12D5615B-6AC9-4056-9162-35C84D07A672}.Release|Win32.Build.0 = Release|Win32
		{12D5615B-6AC9-4056-9162-35C84D07A672}.VSDebug|Win32.ActiveCfg = VSDebug|Win32
		{12D5615B-6AC9-4056-9162-35C84D07A672}.VSDebug|Win32.Build.0 = VSDebug|Win32
		{34632EF9-283A-4A6B-9323-8FE4CAA65253}.Release|Win32.ActiveCfg = Release|Win32
		{34632EF9-283A-4A6B-9323-8FE4CAA65253}.Release|Win32.Build.0 = Release|Win32
		{34632EF9-283A-4A6B-9323-8FE4CAA65253}.VSDebug|Win32.ActiveCfg = VSDebug|Win32
		{34632EF9-283A-4A6B-9323-8FE4CAA65253}.VSDebug|Win32.Build.0 = VSDebug|Win32
		{C7F81A8D-16EE-48A1-8435-5E77399C6125}.Release|Win32.ActiveCfg = Release|Win32
		{C7F81A8D-16EE-48A1-8435-5E77399C6125}.Release|Win32.Build.0 = Release|Win32
		{C7F81A8D-16EE-48A1-8435-5E77399C6125}.VSDebug|Win32.ActiveCfg = VSDebug|Win32
		{C7F81A8D-16EE-48A1-8435-5E77399C6125}.VSDebug|Win32.Build.0 = VSDebug|Win32
		{BAB02C1F-E68A-4883-80A4-741669D078FD}.Release|Win32.ActiveCfg = Release|Win32
		{BAB02C1F-E68A-4883-80A4-741669D078FD}.Release|Win32.Build.0 = Release|Win32
		{BAB02C1F-E68A-4883-80A4-741669D078FD}.VSDebug|Win32.ActiveCfg = VSDebug|Win32
		{BAB02C1F-E68A-4883-80A4-741669D078FD}.VSDebug|Win32.Build.0 = VSDebug|Win32
		{4DEC7AE3-42D9-471D-AB12-2C436E1E4267}.Release|Win32.ActiveCfg = Release|Win32
		{4DEC7AE3-42D9-471D-AB12-2C436E1E4267}.Release|Win32.Build.0 = Release|Win32
		{4DEC7AE3-42D9-471D-AB12-2C436E1E4267}.VSDebug|Win32.ActiveCfg = VSDebug|Win32
		{4DEC7AE3-42D9-471D-AB12-2C436E1E4267}.VSDebug|Win32.Build.0 = VSDebug|Win32
		{0B5C4E51-8B50-4E31-9896-F6106C7A1F44}.Release|Win32.ActiveCfg = Release|Win32
		{0B5C4E51-8B50-4E31-9896-F6106C7A1F44}.Release|Win32.Build.0 = Release|Win32
		{0B5C4E51-8B50-4E31-9896-F6106C7A1F44}.VSDebug|Win32.ActiveCfg = VSDebug|Win32
		{0B5C4E51-8B50-4E31-9896-F6106C7A1F44}.VSDebug|Win32.Build.0 = VSDebug|Win32
		{42CCAFC9-F499-4C93-9ACC-3279C55BB7D4}.Release|Win32.ActiveCfg = Release|Win32
		{42CCAFC9-F499-4C93-9ACC-3279C55BB7D4}.Release|Win32.Build.0 = Release|Win32
		{42CCAFC9-F499-4C93-9ACC-3279C55BB7D4}.VSDebug|Win32.ActiveCfg = VSDebug|Win32
		{42CCAFC9-F499-4C93-9ACC-3279C55BB7D4}.VSDebug|Win32.Build.0 = VSDebug|Win32
		{9175DCA6-61D0-47CF-B53F-53256B24FF27}.Release|Win32.ActiveCfg = Release|Win32
		{9175DCA6-61D0-47CF-B53F-53256B24FF27}.Release|Win32.Build.0 = Release|Win32
		{9175DCA6-61D0-47CF-B53F-53256B24FF27}.VSDebug|Win32.ActiveCfg = VSDebug|Win32
		{9175DCA6-61D0-47CF-B53F-53256B24FF27}.VSDebug|Win32.Build.0 = VSDebug|Win32
		{11E0B381-CB1D-478A-BABA-053BEA29DED0}.Release|Win32.ActiveCfg = Release|Win32
		{11E0B381-CB1D-478A-BABA-053BEA29DED0}.Release|Win32.Build.0 = Release|Win32
		{11E0B381-CB1D-478A-BABA-053BEA29DED0}.VSDebug|Win32.ActiveCfg = VSDebug|Win32
		{11E0B381-CB1D-478A-BABA-053BEA29DED0}.VSDebug|Win32.Build.0 = VSDebug|Win32
		{6A345260-CF99-41D6-9000-2E6D8B2E9BCC}.Release|Win32.ActiveCfg = Release|Win32
		{6A345260-CF99-41D6-9000-2E6D8B2E9BCC}.Release|Win32.Build.0 = Release|Win32
		{6A345260-CF99-41D6-9000-2E6D8B2E9BCC}.VSDebug|Win32.ActiveCfg = VSDebug|Win32
		{6A345260-CF99-41D6-9000-2E6D8B2E9BCC}.VSDebug|Win32.Build.0 = VSDebug|Win32
	EndGlobalSection
	GlobalSection(SolutionProperties) = preSolution
		HideSolutionNode = FALSE
	EndGlobalSection
EndGlobal
